version = 1
revision = 3
requires-python = ">=3.12"

[[package]]
name = "annotated-doc"
version = "0.0.4"
source = { registry = "https://pypi.org/simple" }
sdist = { url = "https://files.pythonhosted.org/packages/57/ba/046ceea27344560984e26a590f90bc7f4a75b06701f653222458922b558c/annotated_doc-0.0.4.tar.gz", hash = "sha256:fbcda96e87e9c92ad167c2e53839e57503ecfda18804ea28102353485033faa4", size = 7288, upload-time = "2025-11-10T22:07:42.062Z" }
wheels = [
    { url = "https://files.pythonhosted.org/packages/1e/d3/26bf1008eb3d2daa8ef4cacc7f3bfdc11818d111f7e2d0201bc6e3b49d45/annotated_doc-0.0.4-py3-none-any.whl", hash = "sha256:571ac1dc6991c450b25a9c2d84a3705e2ae7a53467b5d111c24fa8baabbed320", size = 5303, upload-time = "2025-11-10T22:07:40.673Z" },
]

[[package]]
name = "colorama"
version = "0.4.6"
source = { registry = "https://pypi.org/simple" }
sdist = { url = "https://files.pythonhosted.org/packages/d8/53/6f443c9a4a8358a93a6792e2acffb9d9d5cb0a5cfd8802644b7b1c9a02e4/colorama-0.4.6.tar.gz", hash = "sha256:08695f5cb7ed6e0531a20572697297273c47b8cae5a63ffc6d6ed5c201be6e44", size = 27697, upload-time = "2022-10-25T02:36:22.414Z" }
wheels = [
    { url = "https://files.pythonhosted.org/packages/d1/d6/3965ed04c63042e047cb6a3e6ed1a63a35087b6a609aa3a15ed8ac56c221/colorama-0.4.6-py2.py3-none-any.whl", hash = "sha256:4f1d9991f5acc0ca119f9d443620b77f9d6b33703e51011c16baf57afb285fc6", size = 25335, upload-time = "2022-10-25T02:36:20.889Z" },
]

[[package]]
name = "commentaries-database"
version = "0.1.0"
source = { virtual = "." }
dependencies = [
    { name = "tomledit" },
    { name = "typer" },
]

[package.metadata]
requires-dist = [
    { name = "tomledit", specifier = ">=1.1.4" },
    { name = "typer", specifier = ">=0.26.7" },
]

[[package]]
name = "markdown-it-py"
version = "4.2.0"
source = { registry = "https://pypi.org/simple" }
dependencies = [
    { name = "mdurl" },
]
sdist = { url = "https://files.pythonhosted.org/packages/06/ff/7841249c247aa650a76b9ee4bbaeae59370dc8bfd2f6c01f3630c35eb134/markdown_it_py-4.2.0.tar.gz", hash = "sha256:04a21681d6fbb623de53f6f364d352309d4094dd4194040a10fd51833e418d49", size = 82454, upload-time = "2026-05-07T12:08:28.36Z" }
wheels = [
    { url = "https://files.pythonhosted.org/packages/b3/81/4da04ced5a082363ecfa159c010d200ecbd959ae410c10c0264a38cac0f5/markdown_it_py-4.2.0-py3-none-any.whl", hash = "sha256:9f7ebbcd14fe59494226453aed97c1070d83f8d24b6fc3a3bcf9a38092641c4a", size = 91687, upload-time = "2026-05-07T12:08:27.182Z" },
]

[[package]]
name = "mdurl"
version = "0.1.2"
source = { registry = "https://pypi.org/simple" }
sdist = { url = "https://files.pythonhosted.org/packages/d6/54/cfe61301667036ec958cb99bd3efefba235e65cdeb9c84d24a8293ba1d90/mdurl-0.1.2.tar.gz", hash = "sha256:bb413d29f5eea38f31dd4754dd7377d4465116fb207585f97bf925588687c1ba", size = 8729, upload-time = "2022-08-14T12:40:10.846Z" }
wheels = [
    { url = "https://files.pythonhosted.org/packages/b3/38/89ba8ad64ae25be8de66a6d463314cf1eb366222074cfda9ee839c56a4b4/mdurl-0.1.2-py3-none-any.whl", hash = "sha256:84008a41e51615a49fc9966191ff91509e3c40b939176e643fd50a5c2196b8f8", size = 9979, upload-time = "2022-08-14T12:40:09.779Z" },
]

[[package]]
name = "pygments"
version = "2.20.0"
source = { registry = "https://pypi.org/simple" }
sdist = { url = "https://files.pythonhosted.org/packages/c3/b2/bc9c9196916376152d655522fdcebac55e66de6603a76a02bca1b6414f6c/pygments-2.20.0.tar.gz", hash = "sha256:6757cd03768053ff99f3039c1a36d6c0aa0b263438fcab17520b30a303a82b5f", size = 4955991, upload-time = "2026-03-29T13:29:33.898Z" }
wheels = [
    { url = "https://files.pythonhosted.org/packages/f4/7e/a72dd26f3b0f4f2bf1dd8923c85f7ceb43172af56d63c7383eb62b332364/pygments-2.20.0-py3-none-any.whl", hash = "sha256:81a9e26dd42fd28a23a2d169d86d7ac03b46e2f8b59ed4698fb4785f946d0176", size = 1231151, upload-time = "2026-03-29T13:29:30.038Z" },
]

[[package]]
name = "rich"
version = "15.0.0"
source = { registry = "https://pypi.org/simple" }
dependencies = [
    { name = "markdown-it-py" },
    { name = "pygments" },
]
sdist = { url = "https://files.pythonhosted.org/packages/c0/8f/0722ca900cc807c13a6a0c696dacf35430f72e0ec571c4275d2371fca3e9/rich-15.0.0.tar.gz", hash = "sha256:edd07a4824c6b40189fb7ac9bc4c52536e9780fbbfbddf6f1e2502c31b068c36", size = 230680, upload-time = "2026-04-12T08:24:00.75Z" }
wheels = [
    { url = "https://files.pythonhosted.org/packages/82/3b/64d4899d73f91ba49a8c18a8ff3f0ea8f1c1d75481760df8c68ef5235bf5/rich-15.0.0-py3-none-any.whl", hash = "sha256:33bd4ef74232fb73fe9279a257718407f169c09b78a87ad3d296f548e27de0bb", size = 310654, upload-time = "2026-04-12T08:24:02.83Z" },
]

[[package]]
name = "shellingham"
version = "1.5.4"
source = { registry = "https://pypi.org/simple" }
sdist = { url = "https://files.pythonhosted.org/packages/58/15/8b3609fd3830ef7b27b655beb4b4e9c62313a4e8da8c676e142cc210d58e/shellingham-1.5.4.tar.gz", hash = "sha256:8dbca0739d487e5bd35ab3ca4b36e11c4078f3a234bfce294b0a0291363404de", size = 10310, upload-time = "2023-10-24T04:13:40.426Z" }
wheels = [
    { url = "https://files.pythonhosted.org/packages/e0/f9/0595336914c5619e5f28a1fb793285925a8cd4b432c9da0a987836c7f822/shellingham-1.5.4-py2.py3-none-any.whl", hash = "sha256:7ecfff8f2fd72616f7481040475a65b2bf8af90a56c89140852d1120324e8686", size = 9755, upload-time = "2023-10-24T04:13:38.866Z" },
]

[[package]]
name = "tomledit"
version = "1.1.4"
source = { registry = "https://pypi.org/simple" }
sdist = { url = "https://files.pythonhosted.org/packages/64/e7/ee7036ba2038cf104903b9e4cd9cc13b2ae0a1b84043a00fce2041ac6358/tomledit-1.1.4.tar.gz", hash = "sha256:143825f36a1f9485e53f9738aef00a3b1452724c9bdb725d5ae7032fa4e3707d", size = 138491, upload-time = "2026-04-19T19:17:54.936Z" }
wheels = [
    { url = "https://files.pythonhosted.org/packages/e4/63/1bde033a9502e987c5b9b4d7e27632da5846f722c6ae6ad328d24eafb9a4/tomledit-1.1.4-cp310-abi3-macosx_10_12_x86_64.whl", hash = "sha256:23cfd11f1fa8e0f2e2a3a4811a542cb0ea1967579add2bbbfdbef47579a07b1c", size = 711869, upload-time = "2026-04-19T19:16:52.246Z" },
    { url = "https://files.pythonhosted.org/packages/d2/a2/442662d1eb11bbaac13e272dec70bba2d0c647d19e9cfb69b8106d17e5b6/tomledit-1.1.4-cp310-abi3-macosx_11_0_arm64.whl", hash = "sha256:3da6fb9ef64991d3a78ebe3cfb1551002c4238b88b84337feac32286e05ee64a", size = 689155, upload-time = "2026-04-19T19:16:53.641Z" },
    { url = "https://files.pythonhosted.org/packages/9e/33/99bf49678b0513e598b855e2096340674fb96acc2756de66908f01f43578/tomledit-1.1.4-cp310-abi3-manylinux_2_17_aarch64.manylinux2014_aarch64.whl", hash = "sha256:5d3ed57870b4d64c3d6707984d89686d9040e83c29e516d7cd8c92f6d7848930", size = 725357, upload-time = "2026-04-19T19:16:55.347Z" },
    { url = "https://files.pythonhosted.org/packages/c4/7f/994b5a79eff0f4286e3f0475790354d90f5c0a2e0715aadf73b9098bfb87/tomledit-1.1.4-cp310-abi3-manylinux_2_17_armv7l.manylinux2014_armv7l.whl", hash = "sha256:caa422f19493b8191e9f6d5369184d0563ef7451d45dcaf9f409f9c9759e6beb", size = 727252, upload-time = "2026-04-19T19:16:57.065Z" },
    { url = "https://files.pythonhosted.org/packages/fa/ee/7e38f712bae5ec845b5f0b0d81537cb27b6bb08c7b143a80c0408f7a6f1b/tomledit-1.1.4-cp310-abi3-manylinux_2_17_ppc64le.manylinux2014_ppc64le.whl", hash = "sha256:6a12189ec85a6054059b513d72196992279b82ae8395b400a74a9cc85a0810b0", size = 867164, upload-time = "2026-04-19T19:16:58.663Z" },
    { url = "https://files.pythonhosted.org/packages/07/cc/a53366984400baf735f5fdf5e1c35bcc5c10403043360ee346980cae8762/tomledit-1.1.4-cp310-abi3-manylinux_2_17_s390x.manylinux2014_s390x.whl", hash = "sha256:cbd8549708b78dcbf5a430063141e0840806df6239f5c9d5ac616a4e412a3623", size = 744945, upload-time = "2026-04-19T19:17:00.41Z" },
    { url = "https://files.pythonhosted.org/packages/a5/ff/2c2daf978fe46eba27357a1a2eb1dcde699e812ab79bb89959131ed03644/tomledit-1.1.4-cp310-abi3-manylinux_2_17_x86_64.manylinux2014_x86_64.whl", hash = "sha256:8996142f8b60a483d6fbce290afe970ff206aaf13cb02de63af59ad0483c8dea", size = 729490, upload-time = "2026-04-19T19:17:02.124Z" },
    { url = "https://files.pythonhosted.org/packages/94/82/0cbc8629e0851f09bc06fa0656b8977628dd42b9e6f63bcb1ece5f288782/tomledit-1.1.4-cp310-abi3-manylinux_2_5_i686.manylinux1_i686.whl", hash = "sha256:c53492be2dc168e7a9494e37b1c829981846d69fc2fb530af84b15c224b585d5", size = 797694, upload-time = "2026-04-19T19:17:03.781Z" },
    { url = "https://files.pythonhosted.org/packages/2d/6c/67e19727163686260f808dce3b057951ed68148dd0a6d2b731b1361b02fd/tomledit-1.1.4-cp310-abi3-musllinux_1_1_aarch64.whl", hash = "sha256:10b052c1ca1fac19aea9cb2d40d6454446b9bbb37f3afcd798fa9172312034c2", size = 900780, upload-time = "2026-04-19T19:17:05.508Z" },
    { url = "https://files.pythonhosted.org/packages/15/d6/452362eb180d6cc087a4f570f8cec253bc0fc2c8c2664cfb88e01780a6e4/tomledit-1.1.4-cp310-abi3-musllinux_1_1_x86_64.whl", hash = "sha256:fae7bb1159bbd863dbbf8ebb61fa06a07a19c2850cdd04662b5ee1afaac43703", size = 939024, upload-time = "2026-04-19T19:17:07.429Z" },
    { url = "https://files.pythonhosted.org/packages/bb/c5/6ae54e09a6128a6cf6d5a7d6e1e41fd33afd7e27d0a17362d3a024403d7b/tomledit-1.1.4-cp310-abi3-win32.whl", hash = "sha256:fc78286afecb21891b02f3d7a1f56322df0072d51cf116e18fb424de917959fe", size = 516328, upload-time = "2026-04-19T19:17:09.107Z" },
    { url = "https://files.pythonhosted.org/packages/82/f6/4b788d4f4084c54f0a0fffc6d03d1258a283e8c9093256081cba1cf0f392/tomledit-1.1.4-cp310-abi3-win_amd64.whl", hash = "sha256:658d52e18e371f0b1e67ccebfde4c0bfa3045a1d34407d157e62723bc859db02", size = 548890, upload-time = "2026-04-19T19:17:10.573Z" },
    { url = "https://files.pythonhosted.org/packages/ab/74/d669376bc65de595f0707255a99fdc6f07ae41d73397230371eb557dcdcc/tomledit-1.1.4-cp310-abi3-win_arm64.whl", hash = "sha256:bc37fc1addc6d668bb24559d35faa6a760ce30c281efb7f2d9a60ab4d3ae6755", size = 532074, upload-time = "2026-04-19T19:17:12.62Z" },
    { url = "https://files.pythonhosted.org/packages/24/a5/4ba0722da97e443910d3811ee17a4e392c919b1f61ba3b39766f8190ca71/tomledit-1.1.4-cp313-cp313t-macosx_10_12_x86_64.whl", hash = "sha256:340eed68355f65f47d8455761f6c593930669eb203f6fbf1c21b0a084f2fa315", size = 699729, upload-time = "2026-04-19T19:17:14.255Z" },
    { url = "https://files.pythonhosted.org/packages/c3/05/5e36b691a59d122ba82c66af4577fff695ff3df329fe848b37ab061af0b5/tomledit-1.1.4-cp313-cp313t-macosx_11_0_arm64.whl", hash = "sha256:ea7e512ccd5dfb970f71042d4b293921bb54c503020336cab1f759d892778874", size = 682828, upload-time = "2026-04-19T19:17:15.968Z" },
    { url = "https://files.pythonhosted.org/packages/83/b9/609891354f07e77722bc8b05c5c87c9b24f287c043190ad8bd7afe06cc20/tomledit-1.1.4-cp313-cp313t-manylinux_2_17_aarch64.manylinux2014_aarch64.whl", hash = "sha256:756ee82d2c26fc32c25b2d5e54361aa8c2336b9ef371c9a7c3084266ac518bb3", size = 704483, upload-time = "2026-04-19T19:17:17.523Z" },
    { url = "https://files.pythonhosted.org/packages/f7/8e/05bf756b3c2c8290b78a797d10fdbddd71b42da14715f79eed7513d4a437/tomledit-1.1.4-cp313-cp313t-manylinux_2_17_armv7l.manylinux2014_armv7l.whl", hash = "sha256:aee4a24d71fa165e25194117a9c9b86b200895b631140e636487d7e97264d2a8", size = 711656, upload-time = "2026-04-19T19:17:19.14Z" },
    { url = "https://files.pythonhosted.org/packages/3f/92/5d195db92ba5c8ef0245975e93ebe954edfc71582570333e22f30efb8713/tomledit-1.1.4-cp313-cp313t-manylinux_2_17_ppc64le.manylinux2014_ppc64le.whl", hash = "sha256:853b1e52699c7469aa941c38099bce6cc4d2948b1d95b26cedeb3b7d77ffbb39", size = 848569, upload-time = "2026-04-19T19:17:20.441Z" },
    { url = "https://files.pythonhosted.org/packages/43/05/e66bf80e330967191ddca1c11cbca2703d23b29477e7b28e42293a29e3ed/tomledit-1.1.4-cp313-cp313t-manylinux_2_17_s390x.manylinux2014_s390x.whl", hash = "sha256:033bd6e197f8731c9fde50a72223e5d00682041fcfee92592b5859d916d34f1b", size = 730730, upload-time = "2026-04-19T19:17:22.189Z" },
    { url = "https://files.pythonhosted.org/packages/3a/1e/deff7c0d17b21e3bb83e816e60a34eb5f2fb82f0cbd49685e2dbd32adc78/tomledit-1.1.4-cp313-cp313t-manylinux_2_17_x86_64.manylinux2014_x86_64.whl", hash = "sha256:90e8d557e554facb6e709d2aef7fc5058ce41c70a2a2065be38c2b5609e3d68f", size = 710900, upload-time = "2026-04-19T19:17:23.786Z" },
    { url = "https://files.pythonhosted.org/packages/45/ab/c73d68eb9305c385bd3c5609e6905befde82a58c67af51f6dc0fcc158720/tomledit-1.1.4-cp313-cp313t-manylinux_2_5_i686.manylinux1_i686.whl", hash = "sha256:ab6f5a579bea2ca7166bb268211f66dbea306ddb779041d3fe0ebfdf42184e6c", size = 779833, upload-time = "2026-04-19T19:17:25.204Z" },
    { url = "https://files.pythonhosted.org/packages/5a/de/a45566c39d433afc8872b4e1c014aa8eafdd6b50e6d317fe4a4210223914/tomledit-1.1.4-cp313-cp313t-musllinux_1_1_aarch64.whl", hash = "sha256:29a30de20231c1ad5406d7fdfc546dbdc38eda65aded5d2bd488531e632284cb", size = 881390, upload-time = "2026-04-19T19:17:26.961Z" },
    { url = "https://files.pythonhosted.org/packages/6f/12/4b535488f8083263e2c766257945e3435ebc01230e9aafb4974c20d3ef8e/tomledit-1.1.4-cp313-cp313t-musllinux_1_1_x86_64.whl", hash = "sha256:0009f8df9a5477a1cf241a32ec661664f560380a2fb82b152ba2a67757856be0", size = 920643, upload-time = "2026-04-19T19:17:28.989Z" },
    { url = "https://files.pythonhosted.org/packages/2d/a8/d1689a1a719d4f29b82700471abc314d4a44cede6dcaccedca6859d453a0/tomledit-1.1.4-cp313-cp313t-win32.whl", hash = "sha256:b616f468b2ee28adc13187574747d1a05aed29173075db53c4ab7f2ec5b5851d", size = 496525, upload-time = "2026-04-19T19:17:30.435Z" },
    { url = "https://files.pythonhosted.org/packages/18/00/3bb95a2b3529131e7ffba9a67160a66991927e791b7b6216416197cb0cef/tomledit-1.1.4-cp313-cp313t-win_amd64.whl", hash = "sha256:60c971b17f7db4cfd7641ceddcfccb99db24907c3678af0d30204dc6a51b38b4", size = 531512, upload-time = "2026-04-19T19:17:31.71Z" },
    { url = "https://files.pythonhosted.org/packages/54/ff/95221e7775f2c7a4589e2adf9e4e043bbd618aa1dc75f67dbc1af364556c/tomledit-1.1.4-cp313-cp313t-win_arm64.whl", hash = "sha256:854bdbe2a89b1381c283a83f7f49f2938aa57c63aaa6a402c0397751102604ba", size = 514207, upload-time = "2026-04-19T19:17:33.509Z" },
    { url = "https://files.pythonhosted.org/packages/ab/8e/7394f4838f6e60c84a3bc8b55a3e98028c177a33edd9bb3de450fa349264/tomledit-1.1.4-cp314-cp314t-macosx_10_12_x86_64.whl", hash = "sha256:823ea2eb5e80906e12fc9811c80bc8716f5846daae1f942d864d299aca488991", size = 689092, upload-time = "2026-04-19T19:17:34.82Z" },
    { url = "https://files.pythonhosted.org/packages/2d/dc/6573dcb4f0ae0b20398efd72e068549d69cd79bd1ea57965fc4721fbad7e/tomledit-1.1.4-cp314-cp314t-macosx_11_0_arm64.whl", hash = "sha256:5e853a7ee29b34e52b643c408364de18696cd167fc9281bcb2c02c091953bd6d", size = 669216, upload-time = "2026-04-19T19:17:36.34Z" },
    { url = "https://files.pythonhosted.org/packages/0f/5f/3f1978f15f4f413b4ecb600b6d55839e8e15e9f1f4d1084482ce21295ea2/tomledit-1.1.4-cp314-cp314t-manylinux_2_17_aarch64.manylinux2014_aarch64.whl", hash = "sha256:b541d495f5c38bb417ee1ba5c916840e6463b77cc916769df733cec731290b3c", size = 697424, upload-time = "2026-04-19T19:17:38.064Z" },
    { url = "https://files.pythonhosted.org/packages/82/8b/5810356d1433aff1373eb47685f135eef0ba1fa93d17a51eba65da51806a/tomledit-1.1.4-cp314-cp314t-manylinux_2_17_armv7l.manylinux2014_armv7l.whl", hash = "sha256:a0fcb07e888e84bc7d2ea8a33acf6dfa42e77ac1c82143c1ba51aeb009d317f1", size = 695294, upload-time = "2026-04-19T19:17:39.469Z" },
    { url = "https://files.pythonhosted.org/packages/7b/2a/f9ae5f10242a9767403a558f812d84c3201209217e446ecb1835584e9838/tomledit-1.1.4-cp314-cp314t-manylinux_2_17_ppc64le.manylinux2014_ppc64le.whl", hash = "sha256:56c66bd77a902ff6b4d6af21fdc1a3fd6755ab71c3acf6feeec4ff2d15ff3c10", size = 842846, upload-time = "2026-04-19T19:17:40.907Z" },
    { url = "https://files.pythonhosted.org/packages/06/92/973e64a44c1eb0fa286fcae0c4a724d99cf5ab3f8ec42f89747bb7ef2cea/tomledit-1.1.4-cp314-cp314t-manylinux_2_17_s390x.manylinux2014_s390x.whl", hash = "sha256:725bd576d9249ac4cfaa84f454e9a95e8fea7b5344e988b388ac8f4eab4a3bae", size = 720257, upload-time = "2026-04-19T19:17:42.367Z" },
    { url = "https://files.pythonhosted.org/packages/1b/d5/99a2a07207374dd35b748d3eb261742e6d583ccdfbf2a65a6dc1fa5ac8aa/tomledit-1.1.4-cp314-cp314t-manylinux_2_17_x86_64.manylinux2014_x86_64.whl", hash = "sha256:4e8fbc6b96f3fab6bc179bdd18cbb72066b93c1b88d034f1f1827ee21dcfe9a1", size = 700300, upload-time = "2026-04-19T19:17:44.008Z" },
    { url = "https://files.pythonhosted.org/packages/0a/07/7aebc726c294525a0b7255b0db7b792038f48bfa79ca084d06423c38667d/tomledit-1.1.4-cp314-cp314t-manylinux_2_5_i686.manylinux1_i686.whl", hash = "sha256:b525bcd36adc5d95c7bd277283f1d2bc748d03f5ff2cdc02577283e4daaaeaad", size = 769212, upload-time = "2026-04-19T19:17:45.72Z" },
    { url = "https://files.pythonhosted.org/packages/be/70/75dfd5df80c412d20b1734be188dde94309635c54f864e8bd5d943d38caa/tomledit-1.1.4-cp314-cp314t-musllinux_1_1_aarch64.whl", hash = "sha256:4dbe6d3bd82a75aa99cfa063d988cfc6e1cc3782dc78209ed4088b2942760657", size = 872828, upload-time = "2026-04-19T19:17:47.116Z" },
    { url = "https://files.pythonhosted.org/packages/9f/98/7fa97167d4cd4145be30626b2556a30ee12b5f46ac7c3c08c13142e79853/tomledit-1.1.4-cp314-cp314t-musllinux_1_1_x86_64.whl", hash = "sha256:2935dc6844fc370c628d0ab6e63ba4edfe47d86f9f2340f3f12b8e4e5d8f2744", size = 909045, upload-time = "2026-04-19T19:17:48.891Z" },
    { url = "https://files.pythonhosted.org/packages/ec/01/2124ba513c6f1d60338315cd92989d8e39949601aaa2ce2f1e4870cc9905/tomledit-1.1.4-cp314-cp314t-win32.whl", hash = "sha256:fddb214865dd4bb5c81d753e44fba63904a2f44a75a3573050a39c0706c1e6e7", size = 489620, upload-time = "2026-04-19T19:17:50.434Z" },
    { url = "https://files.pythonhosted.org/packages/7a/f7/44469df357b709811e0dcf1cbd360885645cc26d601048d19bc7229084fe/tomledit-1.1.4-cp314-cp314t-win_amd64.whl", hash = "sha256:88d93389916acb035cbdf07173cc160e5362257276e8438e2f5eb68553139839", size = 521333, upload-time = "2026-04-19T19:17:51.886Z" },
    { url = "https://files.pythonhosted.org/packages/29/ea/e6ae98966e35f815284a2024dd3b942b2508484906bcf6edd1c09d683f99/tomledit-1.1.4-cp314-cp314t-win_arm64.whl", hash = "sha256:176b8f116d29a3bd1defca2fda1ff1d31095a4c6cda638c6c21917c36513f4f8", size = 505684, upload-time = "2026-04-19T19:17:53.322Z" },
]

[[package]]
name = "typer"
version = "0.26.7"
source = { registry = "https://pypi.org/simple" }
dependencies = [
    { name = "annotated-doc" },
    { name = "colorama", marker = "sys_platform == 'win32'" },
    { name = "rich" },
    { name = "shellingham" },
]
sdist = { url = "https://files.pythonhosted.org/packages/5e/ed/ef06584ccdd5c410df0837951ecd7e15d9a6144ea1bd4c73cecab1a89891/typer-0.26.7.tar.gz", hash = "sha256:e314a34c617e419c091b2830dda3ea1f257134ff593061a8f5b9717ab8dddb3a", size = 201709, upload-time = "2026-06-03T07:18:06.843Z" }
wheels = [
    { url = "https://files.pythonhosted.org/packages/24/25/2201973529af2c954de0bb725323c3aaed6d7f0ceee8f550dec9185df013/typer-0.26.7-py3-none-any.whl", hash = "sha256:5c87cfbc5d34491c5346ebf49c23e18d56ccb863268d3a8d592b26087c2f5e58", size = 122456, upload-time = "2026-06-03T07:18:05.732Z" },
]
